{
  "name": "gulp-start",
  "version": "1.0.0",
  "lockfileVersion": 1,
  "requires": true,
  "dependencies": {
    "@fancyapps/fancybox": {
      "version": "3.5.7",
      "resolved": "https://registry.npmjs.org/@fancyapps/fancybox/-/fancybox-3.5.7.tgz",
      "integrity": "sha512-rcEtu8t+WnmqIDV/Wfm1yvy/nDdwc7YV25j9HLxGC2/WOsUhk9rcWg2nB8g1BrjRt9zaoADdjHTU6ILYTJzBBg==",
      "dev": true
    },
    "jquery": {
      "version": "3.6.0",
      "resolved": "https://registry.npmjs.org/jquery/-/jquery-3.6.0.tgz",
      "integrity": "sha512-JVzAR/AjBvVt2BmYhxRCSYysDsPcssdmTFnzyLEts9qNwmjmu4JTAMYubEfwVOSwpQ1I1sKKFcxhZCI2buerfw==",
      "dev": true
    },
    "mixitup": {
      "version": "3.3.1",
      "resolved": "https://registry.npmjs.org/mixitup/-/mixitup-3.3.1.tgz",
      "integrity": "sha512-5WlMzRNSAU5R1N/NlmOvmYxcZVgib3do5I0H+LO6e0ArI7GlNLMPoAANK7XOemuwJFZcJHIGvWDIPMK1jnWEqA==",
      "dev": true
    },
    "slick-carousel": {
      "version": "1.8.1",
      "resolved": "https://registry.npmjs.org/slick-carousel/-/slick-carousel-1.8.1.tgz",
      "integrity": "sha512-XB9Ftrf2EEKfzoQXt3Nitrt/IPbT+f1fgqBdoxO3W/+JYvtEOW6EgxnWfr9GH6nmULv7Y2tPmEX3koxThVmebA=="
    }
  }
}
